
Microsoft Visual Studio Solution File, Format Version 12.00
# Visual Studio Version 17
VisualStudioVersion = 17.9.34616.47
MinimumVisualStudioVersion = 10.0.40219.1
Project("{FAE04EC0-301F-11D3-BF4B-00C04F79EFBC}") = "ProtonPulse", "ProtonPulse\ProtonPulse.csproj", "{DFA752C0-6098-452F-B1F4-618D72839267}"
EndProject
Global
	GlobalSection(SolutionConfigurationPlatforms) = preSolution
		Debug|Any CPU = Debug|Any CPU
		Release|Any CPU = Release|Any CPU
	EndGlobalSection
	GlobalSection(ProjectConfigurationPlatforms) = postSolution
		{DFA752C0-6098-452F-B1F4-618D72839267}.Debug|Any CPU.ActiveCfg = Debug|Any CPU
		{DFA752C0-6098-452F-B1F4-618D72839267}.Debug|Any CPU.Build.0 = Debug|Any CPU
		{DFA752C0-6098-452F-B1F4-618D72839267}.Release|Any CPU.ActiveCfg = Release|Any CPU
		{DFA752C0-6098-452F-B1F4-618D72839267}.Release|Any CPU.Build.0 = Release|Any CPU
	EndGlobalSection
	GlobalSection(SolutionProperties) = preSolution
		HideSolutionNode = FALSE
	EndGlobalSection
	GlobalSection(ExtensibilityGlobals) = postSolution
		SolutionGuid = {333BC650-2B88-42C5-A949-39BBBA14F829}
	EndGlobalSection
EndGlobal
